
Microsoft Visual Studio Solution File, Format Version 12.00
# Visual Studio Version 17
VisualStudioVersion = 17.8.34525.116
MinimumVisualStudioVersion = 10.0.40219.1
Project("{FAE04EC0-301F-11D3-BF4B-00C04F79EFBC}") = "KoHein.ConsoleApp", "DotNetTrainingBatch3.ConsoleApp\KoHein.ConsoleApp.csproj", "{A7007AAB-6780-4896-91EB-A9BEFEBB6FD7}"
EndProject
Global
	GlobalSection(SolutionConfigurationPlatforms) = preSolution
		Debug|Any CPU = Debug|Any CPU
		Release|Any CPU = Release|Any CPU
	EndGlobalSection
	GlobalSection(ProjectConfigurationPlatforms) = postSolution
		{A7007AAB-6780-4896-91EB-A9BEFEBB6FD7}.Debug|Any CPU.ActiveCfg = Debug|Any CPU
		{A7007AAB-6780-4896-91EB-A9BEFEBB6FD7}.Debug|Any CPU.Build.0 = Debug|Any CPU
		{A7007AAB-6780-4896-91EB-A9BEFEBB6FD7}.Release|Any CPU.ActiveCfg = Release|Any CPU
		{A7007AAB-6780-4896-91EB-A9BEFEBB6FD7}.Release|Any CPU.Build.0 = Release|Any CPU
	EndGlobalSection
	GlobalSection(SolutionProperties) = preSolution
		HideSolutionNode = FALSE
	EndGlobalSection
	GlobalSection(ExtensibilityGlobals) = postSolution
		SolutionGuid = {D8E3B812-9A2E-4288-A296-C7AC5F3635C0}
	EndGlobalSection
EndGlobal
